
Microsoft Visual Studio Solution File, Format Version 12.00
# Visual Studio Version 16
VisualStudioVersion = 16.0.31424.327
MinimumVisualStudioVersion = 10.0.40219.1
Project("{FAE04EC0-301F-11D3-BF4B-00C04F79EFBC}") = "DiscretModeling", "DiscretModeling\DiscretModeling.csproj", "{6DFFE22D-8DF8-40D1-A7FD-84D6D3C0F82C}"
EndProject
Global
	GlobalSection(SolutionConfigurationPlatforms) = preSolution
		Debug|Any CPU = Debug|Any CPU
		Release|Any CPU = Release|Any CPU
	EndGlobalSection
	GlobalSection(ProjectConfigurationPlatforms) = postSolution
		{6DFFE22D-8DF8-40D1-A7FD-84D6D3C0F82C}.Debug|Any CPU.ActiveCfg = Debug|Any CPU
		{6DFFE22D-8DF8-40D1-A7FD-84D6D3C0F82C}.Debug|Any CPU.Build.0 = Debug|Any CPU
		{6DFFE22D-8DF8-40D1-A7FD-84D6D3C0F82C}.Release|Any CPU.ActiveCfg = Release|Any CPU
		{6DFFE22D-8DF8-40D1-A7FD-84D6D3C0F82C}.Release|Any CPU.Build.0 = Release|Any CPU
	EndGlobalSection
	GlobalSection(SolutionProperties) = preSolution
		HideSolutionNode = FALSE
	EndGlobalSection
	GlobalSection(ExtensibilityGlobals) = postSolution
		SolutionGuid = {802DD7C3-F533-45F9-B7EF-B8592BB4338B}
	EndGlobalSection
EndGlobal
